// !$*UTF8*$!
{
	archiveVersion = 1;
	classes = {
	};
	objectVersion = 56;
	objects = {

/* Begin PBXBuildFile section */
		A20000000000000000000001 /* LifeGridApp.swift in Sources */ = {isa = PBXBuildFile; fileRef = A30000000000000000000001 /* LifeGridApp.swift */; };
		A20000000000000000000002 /* FoundationRootView.swift in Sources */ = {isa = PBXBuildFile; fileRef = A30000000000000000000002 /* FoundationRootView.swift */; };
		A20000000000000000000003 /* FoundationSmokeTests.swift in Sources */ = {isa = PBXBuildFile; fileRef = A30000000000000000000003 /* FoundationSmokeTests.swift */; };
		A20000000000000000000004 /* LifeGridUITests.swift in Sources */ = {isa = PBXBuildFile; fileRef = A30000000000000000000004 /* LifeGridUITests.swift */; };
		A20000000000000000000005 /* PersistedAppStateTests.swift in Sources */ = {isa = PBXBuildFile; fileRef = A30000000000000000000005 /* PersistedAppStateTests.swift */; };
		A20000000000000000000006 /* AppPreferences.swift in Sources */ = {isa = PBXBuildFile; fileRef = A30000000000000000000006 /* AppPreferences.swift */; };
		A20000000000000000000007 /* GameSetup.swift in Sources */ = {isa = PBXBuildFile; fileRef = A30000000000000000000007 /* GameSetup.swift */; };
		A20000000000000000000008 /* CounterModels.swift in Sources */ = {isa = PBXBuildFile; fileRef = A30000000000000000000008 /* CounterModels.swift */; };
		A20000000000000000000009 /* OpponentState.swift in Sources */ = {isa = PBXBuildFile; fileRef = A30000000000000000000009 /* OpponentState.swift */; };
		A2000000000000000000000A /* ActiveGame.swift in Sources */ = {isa = PBXBuildFile; fileRef = A3000000000000000000000A /* ActiveGame.swift */; };
		A2000000000000000000000B /* DiceModels.swift in Sources */ = {isa = PBXBuildFile; fileRef = A3000000000000000000000B /* DiceModels.swift */; };
		A2000000000000000000000C /* PersistedAppState.swift in Sources */ = {isa = PBXBuildFile; fileRef = A3000000000000000000000C /* PersistedAppState.swift */; };
/* End PBXBuildFile section */

/* Begin PBXContainerItemProxy section */
		A40000000000000000000001 /* PBXContainerItemProxy */ = {
			isa = PBXContainerItemProxy;
			containerPortal = A10000000000000000000001 /* Project object */;
			proxyType = 1;
			remoteGlobalIDString = A10000000000000000000010;
			remoteInfo = LifeGrid;
		};
		A40000000000000000000002 /* PBXContainerItemProxy */ = {
			isa = PBXContainerItemProxy;
			containerPortal = A10000000000000000000001 /* Project object */;
			proxyType = 1;
			remoteGlobalIDString = A10000000000000000000010;
			remoteInfo = LifeGrid;
		};
/* End PBXContainerItemProxy section */

/* Begin PBXFileReference section */
		A30000000000000000000001 /* LifeGridApp.swift */ = {isa = PBXFileReference; lastKnownFileType = sourcecode.swift; path = LifeGridApp.swift; sourceTree = "<group>"; };
		A30000000000000000000002 /* FoundationRootView.swift */ = {isa = PBXFileReference; lastKnownFileType = sourcecode.swift; path = FoundationRootView.swift; sourceTree = "<group>"; };
		A30000000000000000000003 /* FoundationSmokeTests.swift */ = {isa = PBXFileReference; lastKnownFileType = sourcecode.swift; path = FoundationSmokeTests.swift; sourceTree = "<group>"; };
		A30000000000000000000004 /* LifeGridUITests.swift */ = {isa = PBXFileReference; lastKnownFileType = sourcecode.swift; path = LifeGridUITests.swift; sourceTree = "<group>"; };
		A30000000000000000000005 /* PersistedAppStateTests.swift */ = {isa = PBXFileReference; lastKnownFileType = sourcecode.swift; path = Models/PersistedAppStateTests.swift; sourceTree = "<group>"; };
		A30000000000000000000006 /* AppPreferences.swift */ = {isa = PBXFileReference; lastKnownFileType = sourcecode.swift; path = AppPreferences.swift; sourceTree = "<group>"; };
		A30000000000000000000007 /* GameSetup.swift */ = {isa = PBXFileReference; lastKnownFileType = sourcecode.swift; path = GameSetup.swift; sourceTree = "<group>"; };
		A30000000000000000000008 /* CounterModels.swift */ = {isa = PBXFileReference; lastKnownFileType = sourcecode.swift; path = CounterModels.swift; sourceTree = "<group>"; };
		A30000000000000000000009 /* OpponentState.swift */ = {isa = PBXFileReference; lastKnownFileType = sourcecode.swift; path = OpponentState.swift; sourceTree = "<group>"; };
		A3000000000000000000000A /* ActiveGame.swift */ = {isa = PBXFileReference; lastKnownFileType = sourcecode.swift; path = ActiveGame.swift; sourceTree = "<group>"; };
		A3000000000000000000000B /* DiceModels.swift */ = {isa = PBXFileReference; lastKnownFileType = sourcecode.swift; path = DiceModels.swift; sourceTree = "<group>"; };
		A3000000000000000000000C /* PersistedAppState.swift */ = {isa = PBXFileReference; lastKnownFileType = sourcecode.swift; path = PersistedAppState.swift; sourceTree = "<group>"; };
		A30000000000000000000010 /* Life Grid.app */ = {isa = PBXFileReference; explicitFileType = wrapper.application; includeInIndex = 0; path = "Life Grid.app"; sourceTree = BUILT_PRODUCTS_DIR; };
		A30000000000000000000020 /* LifeGridTests.xctest */ = {isa = PBXFileReference; explicitFileType = wrapper.cfbundle; includeInIndex = 0; path = LifeGridTests.xctest; sourceTree = BUILT_PRODUCTS_DIR; };
		A30000000000000000000030 /* LifeGridUITests.xctest */ = {isa = PBXFileReference; explicitFileType = wrapper.cfbundle; includeInIndex = 0; path = LifeGridUITests.xctest; sourceTree = BUILT_PRODUCTS_DIR; };
/* End PBXFileReference section */

/* Begin PBXFrameworksBuildPhase section */
		A50000000000000000000011 /* Frameworks */ = {isa = PBXFrameworksBuildPhase; buildActionMask = 2147483647; files = (); runOnlyForDeploymentPostprocessing = 0; };
		A50000000000000000000021 /* Frameworks */ = {isa = PBXFrameworksBuildPhase; buildActionMask = 2147483647; files = (); runOnlyForDeploymentPostprocessing = 0; };
		A50000000000000000000031 /* Frameworks */ = {isa = PBXFrameworksBuildPhase; buildActionMask = 2147483647; files = (); runOnlyForDeploymentPostprocessing = 0; };
/* End PBXFrameworksBuildPhase section */

/* Begin PBXGroup section */
		A10000000000000000000002 = {
			isa = PBXGroup;
			children = (
				A10000000000000000000004 /* LifeGrid */,
				A10000000000000000000005 /* LifeGridTests */,
				A10000000000000000000006 /* LifeGridUITests */,
				A10000000000000000000003 /* Products */,
			);
			sourceTree = "<group>";
		};
		A10000000000000000000003 /* Products */ = {
			isa = PBXGroup;
			children = (
				A30000000000000000000010 /* Life Grid.app */,
				A30000000000000000000020 /* LifeGridTests.xctest */,
				A30000000000000000000030 /* LifeGridUITests.xctest */,
			);
			name = Products;
			sourceTree = "<group>";
		};
		A10000000000000000000004 /* LifeGrid */ = {
			isa = PBXGroup;
			children = (A10000000000000000000007 /* App */, A10000000000000000000008 /* Models */);
			path = LifeGrid;
			sourceTree = "<group>";
		};
		A10000000000000000000007 /* App */ = {
			isa = PBXGroup;
			children = (
				A30000000000000000000001 /* LifeGridApp.swift */,
				A30000000000000000000002 /* FoundationRootView.swift */,
			);
			path = App;
			sourceTree = "<group>";
		};
		A10000000000000000000008 /* Models */ = {
			isa = PBXGroup;
			children = (
				A30000000000000000000006 /* AppPreferences.swift */,
				A30000000000000000000007 /* GameSetup.swift */,
				A30000000000000000000008 /* CounterModels.swift */,
				A30000000000000000000009 /* OpponentState.swift */,
				A3000000000000000000000A /* ActiveGame.swift */,
				A3000000000000000000000B /* DiceModels.swift */,
				A3000000000000000000000C /* PersistedAppState.swift */,
			);
			path = Models;
			sourceTree = "<group>";
		};
		A10000000000000000000005 /* LifeGridTests */ = {
			isa = PBXGroup;
			children = (A30000000000000000000003 /* FoundationSmokeTests.swift */, A30000000000000000000005 /* PersistedAppStateTests.swift */);
			path = LifeGridTests;
			sourceTree = "<group>";
		};
		A10000000000000000000006 /* LifeGridUITests */ = {
			isa = PBXGroup;
			children = (A30000000000000000000004 /* LifeGridUITests.swift */);
			path = LifeGridUITests;
			sourceTree = "<group>";
		};
/* End PBXGroup section */

/* Begin PBXNativeTarget section */
		A10000000000000000000010 /* LifeGrid */ = {
			isa = PBXNativeTarget;
			buildConfigurationList = A70000000000000000000010 /* Build configuration list for PBXNativeTarget "LifeGrid" */;
			buildPhases = (A50000000000000000000010 /* Sources */, A50000000000000000000011 /* Frameworks */, A50000000000000000000012 /* Resources */);
			buildRules = ();
			dependencies = ();
			name = LifeGrid;
			productName = "Life Grid";
			productReference = A30000000000000000000010 /* Life Grid.app */;
			productType = "com.apple.product-type.application";
		};
		A10000000000000000000020 /* LifeGridTests */ = {
			isa = PBXNativeTarget;
			buildConfigurationList = A70000000000000000000020 /* Build configuration list for PBXNativeTarget "LifeGridTests" */;
			buildPhases = (A50000000000000000000020 /* Sources */, A50000000000000000000021 /* Frameworks */, A50000000000000000000022 /* Resources */);
			buildRules = ();
			dependencies = (A60000000000000000000001 /* PBXTargetDependency */);
			name = LifeGridTests;
			productName = LifeGridTests;
			productReference = A30000000000000000000020 /* LifeGridTests.xctest */;
			productType = "com.apple.product-type.bundle.unit-test";
		};
		A10000000000000000000030 /* LifeGridUITests */ = {
			isa = PBXNativeTarget;
			buildConfigurationList = A70000000000000000000030 /* Build configuration list for PBXNativeTarget "LifeGridUITests" */;
			buildPhases = (A50000000000000000000030 /* Sources */, A50000000000000000000031 /* Frameworks */, A50000000000000000000032 /* Resources */);
			buildRules = ();
			dependencies = (A60000000000000000000002 /* PBXTargetDependency */);
			name = LifeGridUITests;
			productName = LifeGridUITests;
			productReference = A30000000000000000000030 /* LifeGridUITests.xctest */;
			productType = "com.apple.product-type.bundle.ui-testing";
		};
/* End PBXNativeTarget section */

/* Begin PBXProject section */
		A10000000000000000000001 /* Project object */ = {
			isa = PBXProject;
			attributes = {
				BuildIndependentTargetsInParallel = 1;
				LastSwiftUpdateCheck = 2660;
				LastUpgradeCheck = 2660;
				TargetAttributes = {
					A10000000000000000000010 = {CreatedOnToolsVersion = 26.6; };
					A10000000000000000000020 = {CreatedOnToolsVersion = 26.6; TestTargetID = A10000000000000000000010; };
					A10000000000000000000030 = {CreatedOnToolsVersion = 26.6; TestTargetID = A10000000000000000000010; };
				};
			};
			buildConfigurationList = A70000000000000000000001 /* Build configuration list for PBXProject "LifeGrid" */;
			compatibilityVersion = "Xcode 14.0";
			developmentRegion = en;
			hasScannedForEncodings = 0;
			knownRegions = (en, Base);
			mainGroup = A10000000000000000000002;
			productRefGroup = A10000000000000000000003 /* Products */;
			projectDirPath = "";
			projectRoot = "";
			targets = (A10000000000000000000010 /* LifeGrid */, A10000000000000000000020 /* LifeGridTests */, A10000000000000000000030 /* LifeGridUITests */);
		};
/* End PBXProject section */

/* Begin PBXResourcesBuildPhase section */
		A50000000000000000000012 /* Resources */ = {isa = PBXResourcesBuildPhase; buildActionMask = 2147483647; files = (); runOnlyForDeploymentPostprocessing = 0; };
		A50000000000000000000022 /* Resources */ = {isa = PBXResourcesBuildPhase; buildActionMask = 2147483647; files = (); runOnlyForDeploymentPostprocessing = 0; };
		A50000000000000000000032 /* Resources */ = {isa = PBXResourcesBuildPhase; buildActionMask = 2147483647; files = (); runOnlyForDeploymentPostprocessing = 0; };
/* End PBXResourcesBuildPhase section */

/* Begin PBXSourcesBuildPhase section */
		A50000000000000000000010 /* Sources */ = {isa = PBXSourcesBuildPhase; buildActionMask = 2147483647; files = (A20000000000000000000001, A20000000000000000000002, A20000000000000000000006, A20000000000000000000007, A20000000000000000000008, A20000000000000000000009, A2000000000000000000000A, A2000000000000000000000B, A2000000000000000000000C); runOnlyForDeploymentPostprocessing = 0; };
		A50000000000000000000020 /* Sources */ = {isa = PBXSourcesBuildPhase; buildActionMask = 2147483647; files = (A20000000000000000000003, A20000000000000000000005); runOnlyForDeploymentPostprocessing = 0; };
		A50000000000000000000030 /* Sources */ = {isa = PBXSourcesBuildPhase; buildActionMask = 2147483647; files = (A20000000000000000000004); runOnlyForDeploymentPostprocessing = 0; };
/* End PBXSourcesBuildPhase section */

/* Begin PBXTargetDependency section */
		A60000000000000000000001 /* PBXTargetDependency */ = {isa = PBXTargetDependency; target = A10000000000000000000010 /* LifeGrid */; targetProxy = A40000000000000000000001 /* PBXContainerItemProxy */; };
		A60000000000000000000002 /* PBXTargetDependency */ = {isa = PBXTargetDependency; target = A10000000000000000000010 /* LifeGrid */; targetProxy = A40000000000000000000002 /* PBXContainerItemProxy */; };
/* End PBXTargetDependency section */

/* Begin XCBuildConfiguration section */
		A80000000000000000000001 /* Project Debug */ = {isa = XCBuildConfiguration; buildSettings = {ALWAYS_SEARCH_USER_PATHS = NO; CLANG_ENABLE_MODULES = YES; ENABLE_TESTABILITY = YES; IPHONEOS_DEPLOYMENT_TARGET = 17.0; SDKROOT = iphoneos; SWIFT_VERSION = 6.0; }; name = Debug; };
		A80000000000000000000002 /* Project Release */ = {isa = XCBuildConfiguration; buildSettings = {ALWAYS_SEARCH_USER_PATHS = NO; CLANG_ENABLE_MODULES = YES; IPHONEOS_DEPLOYMENT_TARGET = 17.0; SDKROOT = iphoneos; SWIFT_COMPILATION_MODE = wholemodule; SWIFT_OPTIMIZATION_LEVEL = "-O"; SWIFT_VERSION = 6.0; }; name = Release; };
		A80000000000000000000010 /* App Debug */ = {isa = XCBuildConfiguration; buildSettings = {CODE_SIGN_STYLE = Automatic; CURRENT_PROJECT_VERSION = 1; GENERATE_INFOPLIST_FILE = YES; INFOPLIST_KEY_CFBundleDisplayName = "Life Grid"; INFOPLIST_KEY_UILaunchScreen_Generation = YES; MARKETING_VERSION = 0.1.0; PRODUCT_BUNDLE_IDENTIFIER = com.ashathe.lifegrid; PRODUCT_MODULE_NAME = LifeGrid; PRODUCT_NAME = "Life Grid"; SUPPORTED_PLATFORMS = "iphoneos iphonesimulator"; SWIFT_STRICT_CONCURRENCY = complete; SWIFT_VERSION = 6.0; TARGETED_DEVICE_FAMILY = "1,2"; }; name = Debug; };
		A80000000000000000000011 /* App Release */ = {isa = XCBuildConfiguration; buildSettings = {CODE_SIGN_STYLE = Automatic; CURRENT_PROJECT_VERSION = 1; GENERATE_INFOPLIST_FILE = YES; INFOPLIST_KEY_CFBundleDisplayName = "Life Grid"; INFOPLIST_KEY_UILaunchScreen_Generation = YES; MARKETING_VERSION = 0.1.0; PRODUCT_BUNDLE_IDENTIFIER = com.ashathe.lifegrid; PRODUCT_MODULE_NAME = LifeGrid; PRODUCT_NAME = "Life Grid"; SUPPORTED_PLATFORMS = "iphoneos iphonesimulator"; SWIFT_STRICT_CONCURRENCY = complete; SWIFT_VERSION = 6.0; TARGETED_DEVICE_FAMILY = "1,2"; }; name = Release; };
		A80000000000000000000020 /* Tests Debug */ = {isa = XCBuildConfiguration; buildSettings = {BUNDLE_LOADER = "$(TEST_HOST)"; CODE_SIGN_STYLE = Automatic; GENERATE_INFOPLIST_FILE = YES; PRODUCT_BUNDLE_IDENTIFIER = com.ashathe.lifegrid.tests; PRODUCT_NAME = "$(TARGET_NAME)"; SUPPORTED_PLATFORMS = "iphoneos iphonesimulator"; SWIFT_STRICT_CONCURRENCY = complete; SWIFT_VERSION = 6.0; TARGETED_DEVICE_FAMILY = "1,2"; TEST_HOST = "$(BUILT_PRODUCTS_DIR)/Life Grid.app/$(BUNDLE_EXECUTABLE_FOLDER_PATH)/Life Grid"; }; name = Debug; };
		A80000000000000000000021 /* Tests Release */ = {isa = XCBuildConfiguration; buildSettings = {BUNDLE_LOADER = "$(TEST_HOST)"; CODE_SIGN_STYLE = Automatic; GENERATE_INFOPLIST_FILE = YES; PRODUCT_BUNDLE_IDENTIFIER = com.ashathe.lifegrid.tests; PRODUCT_NAME = "$(TARGET_NAME)"; SUPPORTED_PLATFORMS = "iphoneos iphonesimulator"; SWIFT_STRICT_CONCURRENCY = complete; SWIFT_VERSION = 6.0; TARGETED_DEVICE_FAMILY = "1,2"; TEST_HOST = "$(BUILT_PRODUCTS_DIR)/Life Grid.app/$(BUNDLE_EXECUTABLE_FOLDER_PATH)/Life Grid"; }; name = Release; };
		A80000000000000000000030 /* UI Tests Debug */ = {isa = XCBuildConfiguration; buildSettings = {CODE_SIGN_STYLE = Automatic; GENERATE_INFOPLIST_FILE = YES; PRODUCT_BUNDLE_IDENTIFIER = com.ashathe.lifegrid.uitests; PRODUCT_NAME = "$(TARGET_NAME)"; SUPPORTED_PLATFORMS = "iphoneos iphonesimulator"; SWIFT_STRICT_CONCURRENCY = complete; SWIFT_VERSION = 6.0; TARGETED_DEVICE_FAMILY = "1,2"; TEST_TARGET_NAME = LifeGrid; }; name = Debug; };
		A80000000000000000000031 /* UI Tests Release */ = {isa = XCBuildConfiguration; buildSettings = {CODE_SIGN_STYLE = Automatic; GENERATE_INFOPLIST_FILE = YES; PRODUCT_BUNDLE_IDENTIFIER = com.ashathe.lifegrid.uitests; PRODUCT_NAME = "$(TARGET_NAME)"; SUPPORTED_PLATFORMS = "iphoneos iphonesimulator"; SWIFT_STRICT_CONCURRENCY = complete; SWIFT_VERSION = 6.0; TARGETED_DEVICE_FAMILY = "1,2"; TEST_TARGET_NAME = LifeGrid; }; name = Release; };
/* End XCBuildConfiguration section */

/* Begin XCConfigurationList section */
		A70000000000000000000001 /* Project configurations */ = {isa = XCConfigurationList; buildConfigurations = (A80000000000000000000001, A80000000000000000000002); defaultConfigurationIsVisible = 0; defaultConfigurationName = Release; };
		A70000000000000000000010 /* App configurations */ = {isa = XCConfigurationList; buildConfigurations = (A80000000000000000000010, A80000000000000000000011); defaultConfigurationIsVisible = 0; defaultConfigurationName = Release; };
		A70000000000000000000020 /* Tests configurations */ = {isa = XCConfigurationList; buildConfigurations = (A80000000000000000000020, A80000000000000000000021); defaultConfigurationIsVisible = 0; defaultConfigurationName = Release; };
		A70000000000000000000030 /* UI Tests configurations */ = {isa = XCConfigurationList; buildConfigurations = (A80000000000000000000030, A80000000000000000000031); defaultConfigurationIsVisible = 0; defaultConfigurationName = Release; };
/* End XCConfigurationList section */
	};
	rootObject = A10000000000000000000001 /* Project object */;
}
